
Microsoft Visual Studio Solution File, Format Version 12.00
# Visual Studio Version 17
VisualStudioVersion = 17.14.36518.9 d17.14
MinimumVisualStudioVersion = 10.0.40219.1
Project("{FAE04EC0-301F-11D3-BF4B-00C04F79EFBC}") = "log", "log\log.csproj", "{A00AF24C-218B-4BD7-85ED-5E0443E622F3}"
EndProject
Global
	GlobalSection(SolutionConfigurationPlatforms) = preSolution
		Debug|Any CPU = Debug|Any CPU
		Release|Any CPU = Release|Any CPU
	EndGlobalSection
	GlobalSection(ProjectConfigurationPlatforms) = postSolution
		{A00AF24C-218B-4BD7-85ED-5E0443E622F3}.Debug|Any CPU.ActiveCfg = Debug|Any CPU
		{A00AF24C-218B-4BD7-85ED-5E0443E622F3}.Debug|Any CPU.Build.0 = Debug|Any CPU
		{A00AF24C-218B-4BD7-85ED-5E0443E622F3}.Release|Any CPU.ActiveCfg = Release|Any CPU
		{A00AF24C-218B-4BD7-85ED-5E0443E622F3}.Release|Any CPU.Build.0 = Release|Any CPU
	EndGlobalSection
	GlobalSection(SolutionProperties) = preSolution
		HideSolutionNode = FALSE
	EndGlobalSection
	GlobalSection(ExtensibilityGlobals) = postSolution
		SolutionGuid = {713C0E4F-A423-439C-82D2-B5D348740CDA}
	EndGlobalSection
EndGlobal
