
Microsoft Visual Studio Solution File, Format Version 12.00
# Visual Studio Version 17
VisualStudioVersion = 17.14.36518.9 d17.14
MinimumVisualStudioVersion = 10.0.40219.1
Project("{FAE04EC0-301F-11D3-BF4B-00C04F79EFBC}") = "Random number", "Random number\Random number.csproj", "{1F10B584-F753-494E-8464-4F7FBC5D5333}"
EndProject
Global
	GlobalSection(SolutionConfigurationPlatforms) = preSolution
		Debug|Any CPU = Debug|Any CPU
		Release|Any CPU = Release|Any CPU
	EndGlobalSection
	GlobalSection(ProjectConfigurationPlatforms) = postSolution
		{1F10B584-F753-494E-8464-4F7FBC5D5333}.Debug|Any CPU.ActiveCfg = Debug|Any CPU
		{1F10B584-F753-494E-8464-4F7FBC5D5333}.Debug|Any CPU.Build.0 = Debug|Any CPU
		{1F10B584-F753-494E-8464-4F7FBC5D5333}.Release|Any CPU.ActiveCfg = Release|Any CPU
		{1F10B584-F753-494E-8464-4F7FBC5D5333}.Release|Any CPU.Build.0 = Release|Any CPU
	EndGlobalSection
	GlobalSection(SolutionProperties) = preSolution
		HideSolutionNode = FALSE
	EndGlobalSection
	GlobalSection(ExtensibilityGlobals) = postSolution
		SolutionGuid = {DC5671A7-0D3B-4FBE-A7F5-92A7974E5164}
	EndGlobalSection
EndGlobal
