
Microsoft Visual Studio Solution File, Format Version 12.00
# Visual Studio Version 17
VisualStudioVersion = 17.14.36518.9 d17.14
MinimumVisualStudioVersion = 10.0.40219.1
Project("{FAE04EC0-301F-11D3-BF4B-00C04F79EFBC}") = "linq2", "linq2\linq2.csproj", "{C20E78BC-57AD-43D3-9968-A0B56D06E3B0}"
EndProject
Global
	GlobalSection(SolutionConfigurationPlatforms) = preSolution
		Debug|Any CPU = Debug|Any CPU
		Release|Any CPU = Release|Any CPU
	EndGlobalSection
	GlobalSection(ProjectConfigurationPlatforms) = postSolution
		{C20E78BC-57AD-43D3-9968-A0B56D06E3B0}.Debug|Any CPU.ActiveCfg = Debug|Any CPU
		{C20E78BC-57AD-43D3-9968-A0B56D06E3B0}.Debug|Any CPU.Build.0 = Debug|Any CPU
		{C20E78BC-57AD-43D3-9968-A0B56D06E3B0}.Release|Any CPU.ActiveCfg = Release|Any CPU
		{C20E78BC-57AD-43D3-9968-A0B56D06E3B0}.Release|Any CPU.Build.0 = Release|Any CPU
	EndGlobalSection
	GlobalSection(SolutionProperties) = preSolution
		HideSolutionNode = FALSE
	EndGlobalSection
	GlobalSection(ExtensibilityGlobals) = postSolution
		SolutionGuid = {928EBD6E-794F-44CB-8E23-B999EA149CB8}
	EndGlobalSection
EndGlobal
